
Microsoft Visual Studio Solution File, Format Version 12.00
# Visual Studio 15
VisualStudioVersion = 15.0.28307.1738
MinimumVisualStudioVersion = 10.0.40219.1
Project("{FAE04EC0-301F-11D3-BF4B-00C04F79EFBC}") = "WebApplication1", "WebApplication1\WebApplication1.csproj", "{D70F7D7C-01A8-4ACB-A965-E326EE365559}"
EndProject
Project("{2150E333-8FDC-42A3-9474-1A3956D46DE8}") = "Solution Items", "Solution Items", "{ADCE0BBC-6E4B-4367-B2D0-EE7BAFAAFD93}"
EndProject
Global
	GlobalSection(SolutionConfigurationPlatforms) = preSolution
		Debug|Any CPU = Debug|Any CPU
		Release|Any CPU = Release|Any CPU
	EndGlobalSection
	GlobalSection(ProjectConfigurationPlatforms) = postSolution
		{D70F7D7C-01A8-4ACB-A965-E326EE365559}.Debug|Any CPU.ActiveCfg = Debug|Any CPU
		{D70F7D7C-01A8-4ACB-A965-E326EE365559}.Debug|Any CPU.Build.0 = Debug|Any CPU
		{D70F7D7C-01A8-4ACB-A965-E326EE365559}.Release|Any CPU.ActiveCfg = Release|Any CPU
		{D70F7D7C-01A8-4ACB-A965-E326EE365559}.Release|Any CPU.Build.0 = Release|Any CPU
	EndGlobalSection
	GlobalSection(SolutionProperties) = preSolution
		HideSolutionNode = FALSE
	EndGlobalSection
	GlobalSection(ExtensibilityGlobals) = postSolution
		SolutionGuid = {BFDBC23D-9202-4E46-BD83-221DF36D3B36}
	EndGlobalSection
EndGlobal
